// !$*UTF8*$!
{
	archiveVersion = 1;
	classes = {
	};
	objectVersion = 77;
	objects = {

/* Begin PBXContainerItemProxy section */
		3DED91E02E46C49B0098F80A /* PBXContainerItemProxy */ = {
			isa = PBXContainerItemProxy;
			containerPortal = 3DED91CA2E46C4990098F80A /* Project object */;
			proxyType = 1;
			remoteGlobalIDString = 3DED91D12E46C4990098F80A;
			remoteInfo = VintageRockRadio;
		};
		3DED91EA2E46C49B0098F80A /* PBXContainerItemProxy */ = {
			isa = PBXContainerItemProxy;
			containerPortal = 3DED91CA2E46C4990098F80A /* Project object */;
			proxyType = 1;
			remoteGlobalIDString = 3DED91D12E46C4990098F80A;
			remoteInfo = VintageRockRadio;
		};
/* End PBXContainerItemProxy section */

/* Begin PBXFileReference section */
		3DED91D22E46C4990098F80A /* VintageRockRadio.app */ = {isa = PBXFileReference; explicitFileType = wrapper.application; includeInIndex = 0; path = VintageRockRadio.app; sourceTree = BUILT_PRODUCTS_DIR; };
		3DED91DF2E46C49B0098F80A /* VintageRockRadioTests.xctest */ = {isa = PBXFileReference; explicitFileType = wrapper.cfbundle; includeInIndex = 0; path = VintageRockRadioTests.xctest; sourceTree = BUILT_PRODUCTS_DIR; };
		3DED91E92E46C49B0098F80A /* VintageRockRadioUITests.xctest */ = {isa = PBXFileReference; explicitFileType = wrapper.cfbundle; includeInIndex = 0; path = VintageRockRadioUITests.xctest; sourceTree = BUILT_PRODUCTS_DIR; };
/* End PBXFileReference section */

/* Begin PBXFileSystemSynchronizedRootGroup section */
		3DED91D42E46C4990098F80A /* VintageRockRadio */ = {
			isa = PBXFileSystemSynchronizedRootGroup;
			path = VintageRockRadio;
			sourceTree = "<group>";
		};
		3DED91E22E46C49B0098F80A /* VintageRockRadioTests */ = {
			isa = PBXFileSystemSynchronizedRootGroup;
			path = VintageRockRadioTests;
			sourceTree = "<group>";
		};
		3DED91EC2E46C49B0098F80A /* VintageRockRadioUITests */ = {
			isa = PBXFileSystemSynchronizedRootGroup;
			path = VintageRockRadioUITests;
			sourceTree = "<group>";
		};
/* End PBXFileSystemSynchronizedRootGroup section */

/* Begin PBXFrameworksBuildPhase section */
		3DED91CF2E46C4990098F80A /* Frameworks */ = {
			isa = PBXFrameworksBuildPhase;
			buildActionMask = 2147483647;
			files = (
			);
			runOnlyForDeploymentPostprocessing = 0;
		};
		3DED91DC2E46C49B0098F80A /* Frameworks */ = {
			isa = PBXFrameworksBuildPhase;
			buildActionMask = 2147483647;
			files = (
			);
			runOnlyForDeploymentPostprocessing = 0;
		};
		3DED91E62E46C49B0098F80A /* Frameworks */ = {
			isa = PBXFrameworksBuildPhase;
			buildActionMask = 2147483647;
			files = (
			);
			runOnlyForDeploymentPostprocessing = 0;
		};
/* End PBXFrameworksBuildPhase section */

/* Begin PBXGroup section */
		3DED91C92E46C4990098F80A = {
			isa = PBXGroup;
			children = (
				3DED91D42E46C4990098F80A /* VintageRockRadio */,
				3DED91E22E46C49B0098F80A /* VintageRockRadioTests */,
				3DED91EC2E46C49B0098F80A /* VintageRockRadioUITests */,
				3DED91D32E46C4990098F80A /* Products */,
			);
			sourceTree = "<group>";
		};
		3DED91D32E46C4990098F80A /* Products */ = {
			isa = PBXGroup;
			children = (
				3DED91D22E46C4990098F80A /* VintageRockRadio.app */,
				3DED91DF2E46C49B0098F80A /* VintageRockRadioTests.xctest */,
				3DED91E92E46C49B0098F80A /* VintageRockRadioUITests.xctest */,
			);
			name = Products;
			sourceTree = "<group>";
		};
/* End PBXGroup section */

/* Begin PBXNativeTarget section */
		3DED91D12E46C4990098F80A /* VintageRockRadio */ = {
			isa = PBXNativeTarget;
			buildConfigurationList = 3DED91F32E46C49B0098F80A /* Build configuration list for PBXNativeTarget "VintageRockRadio" */;
			buildPhases = (
				3DED91CE2E46C4990098F80A /* Sources */,
				3DED91CF2E46C4990098F80A /* Frameworks */,
				3DED91D02E46C4990098F80A /* Resources */,
			);
			buildRules = (
			);
			dependencies = (
			);
			fileSystemSynchronizedGroups = (
				3DED91D42E46C4990098F80A /* VintageRockRadio */,
			);
			name = VintageRockRadio;
			packageProductDependencies = (
			);
			productName = VintageRockRadio;
			productReference = 3DED91D22E46C4990098F80A /* VintageRockRadio.app */;
			productType = "com.apple.product-type.application";
		};
		3DED91DE2E46C49B0098F80A /* VintageRockRadioTests */ = {
			isa = PBXNativeTarget;
			buildConfigurationList = 3DED91F62E46C49B0098F80A /* Build configuration list for PBXNativeTarget "VintageRockRadioTests" */;
			buildPhases = (
				3DED91DB2E46C49B0098F80A /* Sources */,
				3DED91DC2E46C49B0098F80A /* Frameworks */,
				3DED91DD2E46C49B0098F80A /* Resources */,
			);
			buildRules = (
			);
			dependencies = (
				3DED91E12E46C49B0098F80A /* PBXTargetDependency */,
			);
			fileSystemSynchronizedGroups = (
				3DED91E22E46C49B0098F80A /* VintageRockRadioTests */,
			);
			name = VintageRockRadioTests;
			packageProductDependencies = (
			);
			productName = VintageRockRadioTests;
			productReference = 3DED91DF2E46C49B0098F80A /* VintageRockRadioTests.xctest */;
			productType = "com.apple.product-type.bundle.unit-test";
		};
		3DED91E82E46C49B0098F80A /* VintageRockRadioUITests */ = {
			isa = PBXNativeTarget;
			buildConfigurationList = 3DED91F92E46C49B0098F80A /* Build configuration list for PBXNativeTarget "VintageRockRadioUITests" */;
			buildPhases = (
				3DED91E52E46C49B0098F80A /* Sources */,
				3DED91E62E46C49B0098F80A /* Frameworks */,
				3DED91E72E46C49B0098F80A /* Resources */,
			);
			buildRules = (
			);
			dependencies = (
				3DED91EB2E46C49B0098F80A /* PBXTargetDependency */,
			);
			fileSystemSynchronizedGroups = (
				3DED91EC2E46C49B0098F80A /* VintageRockRadioUITests */,
			);
			name = VintageRockRadioUITests;
			packageProductDependencies = (
			);
			productName = VintageRockRadioUITests;
			productReference = 3DED91E92E46C49B0098F80A /* VintageRockRadioUITests.xctest */;
			productType = "com.apple.product-type.bundle.ui-testing";
		};
/* End PBXNativeTarget section */

/* Begin PBXProject section */
		3DED91CA2E46C4990098F80A /* Project object */ = {
			isa = PBXProject;
			attributes = {
				BuildIndependentTargetsInParallel = 1;
				LastSwiftUpdateCheck = 1640;
				LastUpgradeCheck = 1640;
				TargetAttributes = {
					3DED91D12E46C4990098F80A = {
						CreatedOnToolsVersion = 16.4;
					};
					3DED91DE2E46C49B0098F80A = {
						CreatedOnToolsVersion = 16.4;
						TestTargetID = 3DED91D12E46C4990098F80A;
					};
					3DED91E82E46C49B0098F80A = {
						CreatedOnToolsVersion = 16.4;
						TestTargetID = 3DED91D12E46C4990098F80A;
					};
				};
			};
			buildConfigurationList = 3DED91CD2E46C4990098F80A /* Build configuration list for PBXProject "VintageRockRadio" */;
			developmentRegion = en;
			hasScannedForEncodings = 0;
			knownRegions = (
				en,
				Base,
			);
			mainGroup = 3DED91C92E46C4990098F80A;
			minimizedProjectReferenceProxies = 1;
			preferredProjectObjectVersion = 77;
			productRefGroup = 3DED91D32E46C4990098F80A /* Products */;
			projectDirPath = "";
			projectRoot = "";
			targets = (
				3DED91D12E46C4990098F80A /* VintageRockRadio */,
				3DED91DE2E46C49B0098F80A /* VintageRockRadioTests */,
				3DED91E82E46C49B0098F80A /* VintageRockRadioUITests */,
			);
		};
/* End PBXProject section */

/* Begin PBXResourcesBuildPhase section */
		3DED91D02E46C4990098F80A /* Resources */ = {
			isa = PBXResourcesBuildPhase;
			buildActionMask = 2147483647;
			files = (
			);
			runOnlyForDeploymentPostprocessing = 0;
		};
		3DED91DD2E46C49B0098F80A /* Resources */ = {
			isa = PBXResourcesBuildPhase;
			buildActionMask = 2147483647;
			files = (
			);
			runOnlyForDeploymentPostprocessing = 0;
		};
		3DED91E72E46C49B0098F80A /* Resources */ = {
			isa = PBXResourcesBuildPhase;
			buildActionMask = 2147483647;
			files = (
			);
			runOnlyForDeploymentPostprocessing = 0;
		};
/* End PBXResourcesBuildPhase section */

/* Begin PBXSourcesBuildPhase section */
		3DED91CE2E46C4990098F80A /* Sources */ = {
			isa = PBXSourcesBuildPhase;
			buildActionMask = 2147483647;
			files = (
			);
			runOnlyForDeploymentPostprocessing = 0;
		};
		3DED91DB2E46C49B0098F80A /* Sources */ = {
			isa = PBXSourcesBuildPhase;
			buildActionMask = 2147483647;
			files = (
			);
			runOnlyForDeploymentPostprocessing = 0;
		};
		3DED91E52E46C49B0098F80A /* Sources */ = {
			isa = PBXSourcesBuildPhase;
			buildActionMask = 2147483647;
			files = (
			);
			runOnlyForDeploymentPostprocessing = 0;
		};
/* End PBXSourcesBuildPhase section */

/* Begin PBXTargetDependency section */
		3DED91E12E46C49B0098F80A /* PBXTargetDependency */ = {
			isa = PBXTargetDependency;
			target = 3DED91D12E46C4990098F80A /* VintageRockRadio */;
			targetProxy = 3DED91E02E46C49B0098F80A /* PBXContainerItemProxy */;
		};
		3DED91EB2E46C49B0098F80A /* PBXTargetDependency */ = {
			isa = PBXTargetDependency;
			target = 3DED91D12E46C4990098F80A /* VintageRockRadio */;
			targetProxy = 3DED91EA2E46C49B0098F80A /* PBXContainerItemProxy */;
		};
/* End PBXTargetDependency section */

/* Begin XCBuildConfiguration section */
		3DED91F12E46C49B0098F80A /* Debug */ = {
			isa = XCBuildConfiguration;
			buildSettings = {
				ALWAYS_SEARCH_USER_PATHS = NO;
				ASSETCATALOG_COMPILER_GENERATE_SWIFT_ASSET_SYMBOL_EXTENSIONS = YES;
				CLANG_ANALYZER_NONNULL = YES;
				CLANG_ANALYZER_NUMBER_OBJECT_CONVERSION = YES_AGGRESSIVE;
				CLANG_CXX_LANGUAGE_STANDARD = "gnu++20";
				CLANG_ENABLE_MODULES = YES;
				CLANG_ENABLE_OBJC_ARC = YES;
				CLANG_ENABLE_OBJC_WEAK = YES;
				CLANG_WARN_BLOCK_CAPTURE_AUTORELEASING = YES;
				CLANG_WARN_BOOL_CONVERSION = YES;
				CLANG_WARN_COMMA = YES;
				CLANG_WARN_CONSTANT_CONVERSION = YES;
				CLANG_WARN_DEPRECATED_OBJC_IMPLEMENTATIONS = YES;
				CLANG_WARN_DIRECT_OBJC_ISA_USAGE = YES_ERROR;
				CLANG_WARN_DOCUMENTATION_COMMENTS = YES;
				CLANG_WARN_EMPTY_BODY = YES;
				CLANG_WARN_ENUM_CONVERSION = YES;
				CLANG_WARN_INFINITE_RECURSION = YES;
				CLANG_WARN_INT_CONVERSION = YES;
				CLANG_WARN_NON_LITERAL_NULL_CONVERSION = YES;
				CLANG_WARN_OBJC_IMPLICIT_RETAIN_SELF = YES;
				CLANG_WARN_OBJC_LITERAL_CONVERSION = YES;
				CLANG_WARN_OBJC_ROOT_CLASS = YES_ERROR;
				CLANG_WARN_QUOTED_INCLUDE_IN_FRAMEWORK_HEADER = YES;
				CLANG_WARN_RANGE_LOOP_ANALYSIS = YES;
				CLANG_WARN_STRICT_PROTOTYPES = YES;
				CLANG_WARN_SUSPICIOUS_MOVE = YES;
				CLANG_WARN_UNGUARDED_AVAILABILITY = YES_AGGRESSIVE;
				CLANG_WARN_UNREACHABLE_CODE = YES;
				CLANG_WARN__DUPLICATE_METHOD_MATCH = YES;
				COPY_PHASE_STRIP = NO;
				DEBUG_INFORMATION_FORMAT = dwarf;
				ENABLE_STRICT_OBJC_MSGSEND = YES;
				ENABLE_TESTABILITY = YES;
				ENABLE_USER_SCRIPT_SANDBOXING = YES;
				GCC_C_LANGUAGE_STANDARD = gnu17;
				GCC_DYNAMIC_NO_PIC = NO;
				GCC_NO_COMMON_BLOCKS = YES;
				GCC_OPTIMIZATION_LEVEL = 0;
				GCC_PREPROCESSOR_DEFINITIONS = (
					"DEBUG=1",
					"$(inherited)",
				);
				GCC_WARN_64_TO_32_BIT_CONVERSION = YES;
				GCC_WARN_ABOUT_RETURN_TYPE = YES_ERROR;
				GCC_WARN_UNDECLARED_SELECTOR = YES;
				GCC_WARN_UNINITIALIZED_AUTOS = YES_AGGRESSIVE;
				GCC_WARN_UNUSED_FUNCTION = YES;
				GCC_WARN_UNUSED_VARIABLE = YES;
				IPHONEOS_DEPLOYMENT_TARGET = 18.5;
				LOCALIZATION_PREFERS_STRING_CATALOGS = YES;
				MTL_ENABLE_DEBUG_INFO = INCLUDE_SOURCE;
				MTL_FAST_MATH = YES;
				ONLY_ACTIVE_ARCH = YES;
				SDKROOT = iphoneos;
				SWIFT_ACTIVE_COMPILATION_CONDITIONS = "DEBUG $(inherited)";
				SWIFT_OPTIMIZATION_LEVEL = "-Onone";
			};
			name = Debug;
		};
		3DED91F22E46C49B0098F80A /* Release */ = {
			isa = XCBuildConfiguration;
			buildSettings = {
				ALWAYS_SEARCH_USER_PATHS = NO;
				ASSETCATALOG_COMPILER_GENERATE_SWIFT_ASSET_SYMBOL_EXTENSIONS = YES;
				CLANG_ANALYZER_NONNULL = YES;
				CLANG_ANALYZER_NUMBER_OBJECT_CONVERSION = YES_AGGRESSIVE;
				CLANG_CXX_LANGUAGE_STANDARD = "gnu++20";
				CLANG_ENABLE_MODULES = YES;
				CLANG_ENABLE_OBJC_ARC = YES;
				CLANG_ENABLE_OBJC_WEAK = YES;
				CLANG_WARN_BLOCK_CAPTURE_AUTORELEASING = YES;
				CLANG_WARN_BOOL_CONVERSION = YES;
				CLANG_WARN_COMMA = YES;
				CLANG_WARN_CONSTANT_CONVERSION = YES;
				CLANG_WARN_DEPRECATED_OBJC_IMPLEMENTATIONS = YES;
				CLANG_WARN_DIRECT_OBJC_ISA_USAGE = YES_ERROR;
				CLANG_WARN_DOCUMENTATION_COMMENTS = YES;
				CLANG_WARN_EMPTY_BODY = YES;
				CLANG_WARN_ENUM_CONVERSION = YES;
				CLANG_WARN_INFINITE_RECURSION = YES;
				CLANG_WARN_INT_CONVERSION = YES;
				CLANG_WARN_NON_LITERAL_NULL_CONVERSION = YES;
				CLANG_WARN_OBJC_IMPLICIT_RETAIN_SELF = YES;
				CLANG_WARN_OBJC_LITERAL_CONVERSION = YES;
				CLANG_WARN_OBJC_ROOT_CLASS = YES_ERROR;
				CLANG_WARN_QUOTED_INCLUDE_IN_FRAMEWORK_HEADER = YES;
				CLANG_WARN_RANGE_LOOP_ANALYSIS = YES;
				CLANG_WARN_STRICT_PROTOTYPES = YES;
				CLANG_WARN_SUSPICIOUS_MOVE = YES;
				CLANG_WARN_UNGUARDED_AVAILABILITY = YES_AGGRESSIVE;
				CLANG_WARN_UNREACHABLE_CODE = YES;
				CLANG_WARN__DUPLICATE_METHOD_MATCH = YES;
				COPY_PHASE_STRIP = NO;
				DEBUG_INFORMATION_FORMAT = "dwarf-with-dsym";
				ENABLE_NS_ASSERTIONS = NO;
				ENABLE_STRICT_OBJC_MSGSEND = YES;
				ENABLE_USER_SCRIPT_SANDBOXING = YES;
				GCC_C_LANGUAGE_STANDARD = gnu17;
				GCC_NO_COMMON_BLOCKS = YES;
				GCC_WARN_64_TO_32_BIT_CONVERSION = YES;
				GCC_WARN_ABOUT_RETURN_TYPE = YES_ERROR;
				GCC_WARN_UNDECLARED_SELECTOR = YES;
				GCC_WARN_UNINITIALIZED_AUTOS = YES_AGGRESSIVE;
				GCC_WARN_UNUSED_FUNCTION = YES;
				GCC_WARN_UNUSED_VARIABLE = YES;
				IPHONEOS_DEPLOYMENT_TARGET = 18.5;
				LOCALIZATION_PREFERS_STRING_CATALOGS = YES;
				MTL_ENABLE_DEBUG_INFO = NO;
				MTL_FAST_MATH = YES;
				SDKROOT = iphoneos;
				SWIFT_COMPILATION_MODE = wholemodule;
				VALIDATE_PRODUCT = YES;
			};
			name = Release;
		};
		3DED91F42E46C49B0098F80A /* Debug */ = {
			isa = XCBuildConfiguration;
			buildSettings = {
				ASSETCATALOG_COMPILER_APPICON_NAME = AppIcon;
				ASSETCATALOG_COMPILER_GLOBAL_ACCENT_COLOR_NAME = AccentColor;
				CODE_SIGN_STYLE = Automatic;
				CURRENT_PROJECT_VERSION = 1;
				ENABLE_PREVIEWS = YES;
				GENERATE_INFOPLIST_FILE = YES;
				INFOPLIST_KEY_UIApplicationSceneManifest_Generation = YES;
				INFOPLIST_KEY_UIApplicationSupportsIndirectInputEvents = YES;
				INFOPLIST_KEY_UILaunchScreen_Generation = YES;
				INFOPLIST_KEY_UISupportedInterfaceOrientations_iPad = "UIInterfaceOrientationPortrait UIInterfaceOrientationPortraitUpsideDown UIInterfaceOrientationLandscapeLeft UIInterfaceOrientationLandscapeRight";
				INFOPLIST_KEY_UISupportedInterfaceOrientations_iPhone = "UIInterfaceOrientationPortrait UIInterfaceOrientationLandscapeLeft UIInterfaceOrientationLandscapeRight";
				LD_RUNPATH_SEARCH_PATHS = (
					"$(inherited)",
					"@executable_path/Frameworks",
				);
				MARKETING_VERSION = 1.0;
				PRODUCT_BUNDLE_IDENTIFIER = com.graffiti75.VintageRockRadio;
				PRODUCT_NAME = "$(TARGET_NAME)";
				SWIFT_EMIT_LOC_STRINGS = YES;
				SWIFT_VERSION = 5.0;
				TARGETED_DEVICE_FAMILY = "1,2";
			};
			name = Debug;
		};
		3DED91F52E46C49B0098F80A /* Release */ = {
			isa = XCBuildConfiguration;
			buildSettings = {
				ASSETCATALOG_COMPILER_APPICON_NAME = AppIcon;
				ASSETCATALOG_COMPILER_GLOBAL_ACCENT_COLOR_NAME = AccentColor;
				CODE_SIGN_STYLE = Automatic;
				CURRENT_PROJECT_VERSION = 1;
				ENABLE_PREVIEWS = YES;
				GENERATE_INFOPLIST_FILE = YES;
				INFOPLIST_KEY_UIApplicationSceneManifest_Generation = YES;
				INFOPLIST_KEY_UIApplicationSupportsIndirectInputEvents = YES;
				INFOPLIST_KEY_UILaunchScreen_Generation = YES;
				INFOPLIST_KEY_UISupportedInterfaceOrientations_iPad = "UIInterfaceOrientationPortrait UIInterfaceOrientationPortraitUpsideDown UIInterfaceOrientationLandscapeLeft UIInterfaceOrientationLandscapeRight";
				INFOPLIST_KEY_UISupportedInterfaceOrientations_iPhone = "UIInterfaceOrientationPortrait UIInterfaceOrientationLandscapeLeft UIInterfaceOrientationLandscapeRight";
				LD_RUNPATH_SEARCH_PATHS = (
					"$(inherited)",
					"@executable_path/Frameworks",
				);
				MARKETING_VERSION = 1.0;
				PRODUCT_BUNDLE_IDENTIFIER = com.graffiti75.VintageRockRadio;
				PRODUCT_NAME = "$(TARGET_NAME)";
				SWIFT_EMIT_LOC_STRINGS = YES;
				SWIFT_VERSION = 5.0;
				TARGETED_DEVICE_FAMILY = "1,2";
			};
			name = Release;
		};
		3DED91F72E46C49B0098F80A /* Debug */ = {
			isa = XCBuildConfiguration;
			buildSettings = {
				BUNDLE_LOADER = "$(TEST_HOST)";
				CODE_SIGN_STYLE = Automatic;
				CURRENT_PROJECT_VERSION = 1;
				GENERATE_INFOPLIST_FILE = YES;
				IPHONEOS_DEPLOYMENT_TARGET = 18.5;
				MARKETING_VERSION = 1.0;
				PRODUCT_BUNDLE_IDENTIFIER = com.graffiti75.VintageRockRadioTests;
				PRODUCT_NAME = "$(TARGET_NAME)";
				SWIFT_EMIT_LOC_STRINGS = NO;
				SWIFT_VERSION = 5.0;
				TARGETED_DEVICE_FAMILY = "1,2";
				TEST_HOST = "$(BUILT_PRODUCTS_DIR)/VintageRockRadio.app/$(BUNDLE_EXECUTABLE_FOLDER_PATH)/VintageRockRadio";
			};
			name = Debug;
		};
		3DED91F82E46C49B0098F80A /* Release */ = {
			isa = XCBuildConfiguration;
			buildSettings = {
				BUNDLE_LOADER = "$(TEST_HOST)";
				CODE_SIGN_STYLE = Automatic;
				CURRENT_PROJECT_VERSION = 1;
				GENERATE_INFOPLIST_FILE = YES;
				IPHONEOS_DEPLOYMENT_TARGET = 18.5;
				MARKETING_VERSION = 1.0;
				PRODUCT_BUNDLE_IDENTIFIER = com.graffiti75.VintageRockRadioTests;
				PRODUCT_NAME = "$(TARGET_NAME)";
				SWIFT_EMIT_LOC_STRINGS = NO;
				SWIFT_VERSION = 5.0;
				TARGETED_DEVICE_FAMILY = "1,2";
				TEST_HOST = "$(BUILT_PRODUCTS_DIR)/VintageRockRadio.app/$(BUNDLE_EXECUTABLE_FOLDER_PATH)/VintageRockRadio";
			};
			name = Release;
		};
		3DED91FA2E46C49B0098F80A /* Debug */ = {
			isa = XCBuildConfiguration;
			buildSettings = {
				CODE_SIGN_STYLE = Automatic;
				CURRENT_PROJECT_VERSION = 1;
				GENERATE_INFOPLIST_FILE = YES;
				MARKETING_VERSION = 1.0;
				PRODUCT_BUNDLE_IDENTIFIER = com.graffiti75.VintageRockRadioUITests;
				PRODUCT_NAME = "$(TARGET_NAME)";
				SWIFT_EMIT_LOC_STRINGS = NO;
				SWIFT_VERSION = 5.0;
				TARGETED_DEVICE_FAMILY = "1,2";
				TEST_TARGET_NAME = VintageRockRadio;
			};
			name = Debug;
		};
		3DED91FB2E46C49B0098F80A /* Release */ = {
			isa = XCBuildConfiguration;
			buildSettings = {
				CODE_SIGN_STYLE = Automatic;
				CURRENT_PROJECT_VERSION = 1;
				GENERATE_INFOPLIST_FILE = YES;
				MARKETING_VERSION = 1.0;
				PRODUCT_BUNDLE_IDENTIFIER = com.graffiti75.VintageRockRadioUITests;
				PRODUCT_NAME = "$(TARGET_NAME)";
				SWIFT_EMIT_LOC_STRINGS = NO;
				SWIFT_VERSION = 5.0;
				TARGETED_DEVICE_FAMILY = "1,2";
				TEST_TARGET_NAME = VintageRockRadio;
			};
			name = Release;
		};
/* End XCBuildConfiguration section */

/* Begin XCConfigurationList section */
		3DED91CD2E46C4990098F80A /* Build configuration list for PBXProject "VintageRockRadio" */ = {
			isa = XCConfigurationList;
			buildConfigurations = (
				3DED91F12E46C49B0098F80A /* Debug */,
				3DED91F22E46C49B0098F80A /* Release */,
			);
			defaultConfigurationIsVisible = 0;
			defaultConfigurationName = Release;
		};
		3DED91F32E46C49B0098F80A /* Build configuration list for PBXNativeTarget "VintageRockRadio" */ = {
			isa = XCConfigurationList;
			buildConfigurations = (
				3DED91F42E46C49B0098F80A /* Debug */,
				3DED91F52E46C49B0098F80A /* Release */,
			);
			defaultConfigurationIsVisible = 0;
			defaultConfigurationName = Release;
		};
		3DED91F62E46C49B0098F80A /* Build configuration list for PBXNativeTarget "VintageRockRadioTests" */ = {
			isa = XCConfigurationList;
			buildConfigurations = (
				3DED91F72E46C49B0098F80A /* Debug */,
				3DED91F82E46C49B0098F80A /* Release */,
			);
			defaultConfigurationIsVisible = 0;
			defaultConfigurationName = Release;
		};
		3DED91F92E46C49B0098F80A /* Build configuration list for PBXNativeTarget "VintageRockRadioUITests" */ = {
			isa = XCConfigurationList;
			buildConfigurations = (
				3DED91FA2E46C49B0098F80A /* Debug */,
				3DED91FB2E46C49B0098F80A /* Release */,
			);
			defaultConfigurationIsVisible = 0;
			defaultConfigurationName = Release;
		};
/* End XCConfigurationList section */
	};
	rootObject = 3DED91CA2E46C4990098F80A /* Project object */;
}
